Microsoft Visual Studio Solution File, Format Version 11.00
# Visual Studio 2008

Project("{86D4FBFB-9095-179D-690A-7AECDDDD0C70}") = "Backyard Snowball Fight", "Assembly-CSharp.csproj", "{B526DB50-76BC-E2F9-3A10-1257D2883663}"
EndProject
Global
	GlobalSection(SolutionConfigurationPlatforms) = preSolution
		Debug|Any CPU = Debug|Any CPU
		Release|Any CPU = Release|Any CPU
	EndGlobalSection
	GlobalSection(ProjectConfigurationPlatforms) = postSolution
		{B526DB50-76BC-E2F9-3A10-1257D2883663}.Debug|Any CPU.ActiveCfg = Debug|Any CPU
		{B526DB50-76BC-E2F9-3A10-1257D2883663}.Debug|Any CPU.Build.0 = Debug|Any CPU
		{B526DB50-76BC-E2F9-3A10-1257D2883663}.Release|Any CPU.ActiveCfg = Release|Any CPU
		{B526DB50-76BC-E2F9-3A10-1257D2883663}.Release|Any CPU.Build.0 = Release|Any CPU
	EndGlobalSection
	GlobalSection(SolutionProperties) = preSolution
		HideSolutionNode = FALSE
	EndGlobalSection
	GlobalSection(MonoDevelopProperties) = preSolution
		StartupItem = Assembly-CSharp.csproj
	EndGlobalSection
EndGlobal
