Microsoft Visual Studio Solution File, Format Version 11.00
# Visual Studio 2008

Project("{C0429B6A-658D-D488-F726-2D983C7E02BB}") = "Snowball", "Assembly-CSharp-firstpass.csproj", "{5353F302-4562-4378-0766-813318367296}"
EndProject
Project("{C0429B6A-658D-D488-F726-2D983C7E02BB}") = "Snowball", "Assembly-CSharp.csproj", "{356A5589-F64F-79FB-6B5A-E4C89C698AB2}"
EndProject
Project("{C0429B6A-658D-D488-F726-2D983C7E02BB}") = "Snowball", "Assembly-CSharp-Editor-firstpass.csproj", "{76E9BAA6-5A55-8824-3C53-B5BD92537D7B}"
EndProject
Global
	GlobalSection(SolutionConfigurationPlatforms) = preSolution
		Debug|Any CPU = Debug|Any CPU
		Release|Any CPU = Release|Any CPU
	EndGlobalSection
	GlobalSection(ProjectConfigurationPlatforms) = postSolution
		{5353F302-4562-4378-0766-813318367296}.Debug|Any CPU.ActiveCfg = Debug|Any CPU
		{5353F302-4562-4378-0766-813318367296}.Debug|Any CPU.Build.0 = Debug|Any CPU
		{5353F302-4562-4378-0766-813318367296}.Release|Any CPU.ActiveCfg = Release|Any CPU
		{5353F302-4562-4378-0766-813318367296}.Release|Any CPU.Build.0 = Release|Any CPU
		{356A5589-F64F-79FB-6B5A-E4C89C698AB2}.Debug|Any CPU.ActiveCfg = Debug|Any CPU
		{356A5589-F64F-79FB-6B5A-E4C89C698AB2}.Debug|Any CPU.Build.0 = Debug|Any CPU
		{356A5589-F64F-79FB-6B5A-E4C89C698AB2}.Release|Any CPU.ActiveCfg = Release|Any CPU
		{356A5589-F64F-79FB-6B5A-E4C89C698AB2}.Release|Any CPU.Build.0 = Release|Any CPU
		{76E9BAA6-5A55-8824-3C53-B5BD92537D7B}.Debug|Any CPU.ActiveCfg = Debug|Any CPU
		{76E9BAA6-5A55-8824-3C53-B5BD92537D7B}.Debug|Any CPU.Build.0 = Debug|Any CPU
		{76E9BAA6-5A55-8824-3C53-B5BD92537D7B}.Release|Any CPU.ActiveCfg = Release|Any CPU
		{76E9BAA6-5A55-8824-3C53-B5BD92537D7B}.Release|Any CPU.Build.0 = Release|Any CPU
	EndGlobalSection
	GlobalSection(SolutionProperties) = preSolution
		HideSolutionNode = FALSE
	EndGlobalSection
	GlobalSection(MonoDevelopProperties) = preSolution
		StartupItem = Assembly-CSharp.csproj
	EndGlobalSection
EndGlobal
